
asdadsasd
asdadsasdasdadsasd
asdadsasd
asdadsasd
asdadsasdasdadsasd
asdadsasd
asdadsasd
asdadsasdasdadsasd
asdadsasd
asdadsasd
asdadsasdasdadsasd
asdadsasd
asdadsasd
asdadsasdasdadsasd
asdadsasd
asdadsasd
asdadsasdasdadsasd
asdadsasd
asdadsasd
asdadsasdasdadsasd
asdadsasd

asdadsasd
asdadsasdasdadsasd
asdadsasd
asdadsasd
asdadsasdasdadsasd
asdadsasd
asdadsasd
asdadsasdasdadsasd
asdadsasd
asdadsasd
asdadsasdasdadsasd
asdadsasd
asdadsasd
asdadsasdasdadsasd
asdadsasd
asdadsasd
asdadsasdasdadsasd
asdadsasd
asdadsasd
asdadsasdasdadsasd
asdadsasd

asdadsasd
asdadsasdasdadsasd
asdadsasd
asdadsasd
asdadsasdasdadsasd
asdadsasd
asdadsasd
asdadsasdasdadsasd
asdadsasd
asdadsasd
asdadsasdasdadsasd
asdadsasd
asdadsasd
asdadsasdasdadsasd
asdadsasd
asdadsasd
asdadsasdasdadsasd
asdadsasd
asdadsasd
asdadsasdasdadsasd
asdadsasd

asdadsasd
asdadsasdasdadsasd
asdadsasd
asdadsasd
asdadsasdasdadsasd
asdadsasd
asdadsasd
asdadsasdasdadsasd
asdadsasd
asdadsasd
asdadsasdasdadsasd
asdadsasd
asdadsasd
asdadsasdasdadsasd
asdadsasd
asdadsasd
asdadsasdasdadsasd
asdadsasd
asdadsasd
asdadsasdasdadsasd
asdadsasd

asdadsasd
asdadsasdasdadsasd
asdadsasd
asdadsasd
asdadsasdasdadsasd
asdadsasd
asdadsasd
asdadsasdasdadsasd
asdadsasd
asdadsasd
asdadsasdasdadsasd
asdadsasd
asdadsasd
asdadsasdasdadsasd
asdadsasd
asdadsasd
asdadsasdasdadsasd
asdadsasd
asdadsasd
asdadsasdasdadsasd
asdadsasd

asdadsasd
asdadsasdasdadsasd
asdadsasd
asdadsasd
asdadsasdasdadsasd
asdadsasd
asdadsasd
asdadsasdasdadsasd
asdadsasd
asdadsasd
asdadsasdasdadsasd
asdadsasd
asdadsasd
asdadsasdasdadsasd
asdadsasd
asdadsasd
asdadsasdasdadsasd
asdadsasd
asdadsasd
asdadsasdasdadsasd
asdadsasd

asdadsasd
asdadsasdasdadsasd
asdadsasd
asdadsasd
asdadsasdasdadsasd
asdadsasd
asdadsasd
asdadsasdasdadsasd
asdadsasd
asdadsasd
asdadsasdasdadsasd
asdadsasd
asdadsasd
asdadsasdasdadsasd
asdadsasd
asdadsasd
asdadsasdasdadsasd
asdadsasd
asdadsasd
asdadsasdasdadsasd
asdadsasd

asdadsasd
asdadsasdasdadsasd
asdadsasd
asdadsasd
asdadsasdasdadsasd
asdadsasd
asdadsasd
asdadsasdasdadsasd
asdadsasd
asdadsasd
asdadsasdasdadsasd
asdadsasd
asdadsasd
asdadsasdasdadsasd
asdadsasd
asdadsasd
asdadsasdasdadsasd
asdadsasd
asdadsasd
asdadsasdasdadsasd
asdadsasd

asdadsasd
asdadsasdasdadsasd
asdadsasd
asdadsasd
asdadsasdasdadsasd
asdadsasd
asdadsasd
asdadsasdasdadsasd
asdadsasd
asdadsasd
asdadsasdasdadsasd
asdadsasd
asdadsasd
asdadsasdasdadsasd
asdadsasd
asdadsasd
asdadsasdasdadsasd
asdadsasd
asdadsasd
asdadsasdasdadsasd
asdadsasd

asdadsasd
asdadsasdasdadsasd
asdadsasd
asdadsasd
asdadsasdasdadsasd
asdadsasd
asdadsasd
asdadsasdasdadsasd
asdadsasd
asdadsasd
asdadsasdasdadsasd
asdadsasd
asdadsasd
asdadsasdasdadsasd
asdadsasd
asdadsasd
asdadsasdasdadsasd
asdadsasd
asdadsasd
asdadsasdasdadsasd
asdadsasd

asdadsasd
asdadsasdasdadsasd
asdadsasd
asdadsasd
asdadsasdasdadsasd
asdadsasd
asdadsasd
asdadsasdasdadsasd
asdadsasd
asdadsasd
asdadsasdasdadsasd
asdadsasd
asdadsasd
asdadsasdasdadsasd
asdadsasd
asdadsasd
asdadsasdasdadsasd
asdadsasd
asdadsasd
asdadsasdasdadsasd
asdadsasd

asdadsasd
asdadsasdasdadsasd
asdadsasd
asdadsasd
asdadsasdasdadsasd
asdadsasd
asdadsasd
asdadsasdasdadsasd
asdadsasd
asdadsasd
asdadsasdasdadsasd
asdadsasd
asdadsasd
asdadsasdasdadsasd
asdadsasd
asdadsasd
asdadsasdasdadsasd
asdadsasd
asdadsasd
asdadsasdasdadsasd
asdadsasd

asdadsasd
asdadsasdasdadsasd
asdadsasd
asdadsasd
asdadsasdasdadsasd
asdadsasd
asdadsasd
asdadsasdasdadsasd
asdadsasd
asdadsasd
asdadsasdasdadsasd
asdadsasd
asdadsasd
asdadsasdasdadsasd
asdadsasd
asdadsasd
asdadsasdasdadsasd
asdadsasd
asdadsasd
asdadsasdasdadsasd
asdadsasd

asdadsasd
asdadsasdasdadsasd
asdadsasd
asdadsasd
asdadsasdasdadsasd
asdadsasd
asdadsasd
asdadsasdasdadsasd
asdadsasd
asdadsasd
asdadsasdasdadsasd
asdadsasd
asdadsasd
asdadsasdasdadsasd
asdadsasd
asdadsasd
asdadsasdasdadsasd
asdadsasd
asdadsasd
asdadsasdasdadsasd
asdadsasd

asdadsasd
asdadsasdasdadsasd
asdadsasd
asdadsasd
asdadsasdasdadsasd
asdadsasd
asdadsasd
asdadsasdasdadsasd
asdadsasd
asdadsasd
asdadsasdasdadsasd
asdadsasd
asdadsasd
asdadsasdasdadsasd
asdadsasd
asdadsasd
asdadsasdasdadsasd
asdadsasd
asdadsasd
asdadsasdasdadsasd
asdadsasd

asdadsasd
asdadsasdasdadsasd
asdadsasd
asdadsasd
asdadsasdasdadsasd
asdadsasd
asdadsasd
asdadsasdasdadsasd
asdadsasd
asdadsasd
asdadsasdasdadsasd
asdadsasd
asdadsasd
asdadsasdasdadsasd
asdadsasd
asdadsasd
asdadsasdasdadsasd
asdadsasd
asdadsasd
asdadsasdasdadsasd
asdadsasd

asdadsasd
asdadsasdasdadsasd
asdadsasd
asdadsasd
asdadsasdasdadsasd
asdadsasd
asdadsasd
asdadsasdasdadsasd
asdadsasd
asdadsasd
asdadsasdasdadsasd
asdadsasd
asdadsasd
asdadsasdasdadsasd
asdadsasd
asdadsasd
asdadsasdasdadsasd
asdadsasd
asdadsasd
asdadsasdasdadsasd
asdadsasd

asdadsasd
asdadsasdasdadsasd
asdadsasd
asdadsasd
asdadsasdasdadsasd
asdadsasd
asdadsasd
asdadsasdasdadsasd
asdadsasd
asdadsasd
asdadsasdasdadsasd
asdadsasd
asdadsasd
asdadsasdasdadsasd
asdadsasd
asdadsasd
asdadsasdasdadsasd
asdadsasd
asdadsasd
asdadsasdasdadsasd
asdadsasd

asdadsasd
asdadsasdasdadsasd
asdadsasd
asdadsasd
asdadsasdasdadsasd
asdadsasd
asdadsasd
asdadsasdasdadsasd
asdadsasd
asdadsasd
asdadsasdasdadsasd
asdadsasd
asdadsasd
asdadsasdasdadsasd
asdadsasd
asdadsasd
asdadsasdasdadsasd
asdadsasd
asdadsasd
asdadsasdasdadsasd
asdadsasd

asdadsasd
asdadsasdasdadsasd
asdadsasd
asdadsasd
asdadsasdasdadsasd
asdadsasd
asdadsasd
asdadsasdasdadsasd
asdadsasd
asdadsasd
asdadsasdasdadsasd
asdadsasd
asdadsasd
asdadsasdasdadsasd
asdadsasd
asdadsasd
asdadsasdasdadsasd
asdadsasd
asdadsasd
asdadsasdasdadsasd
asdadsasd

asdadsasd
asdadsasdasdadsasd
asdadsasd
asdadsasd
asdadsasdasdadsasd
asdadsasd
asdadsasd
asdadsasdasdadsasd
asdadsasd
asdadsasd
asdadsasdasdadsasd
asdadsasd
asdadsasd
asdadsasdasdadsasd
asdadsasd
asdadsasd
asdadsasdasdadsasd
asdadsasd
asdadsasd
asdadsasdasdadsasd
asdadsasd

asdadsasd
asdadsasdasdadsasd
asdadsasd
asdadsasd
asdadsasdasdadsasd
asdadsasd
asdadsasd
asdadsasdasdadsasd
asdadsasd
asdadsasd
asdadsasdasdadsasd
asdadsasd
asdadsasd
asdadsasdasdadsasd
asdadsasd
asdadsasd
asdadsasdasdadsasd
asdadsasd
asdadsasd
asdadsasdasdadsasd
asdadsasd

asdadsasd
asdadsasdasdadsasd
asdadsasd
asdadsasd
asdadsasdasdadsasd
asdadsasd
asdadsasd
asdadsasdasdadsasd
asdadsasd
asdadsasd
asdadsasdasdadsasd
asdadsasd
asdadsasd
asdadsasdasdadsasd
asdadsasd
asdadsasd
asdadsasdasdadsasd
asdadsasd
asdadsasd
asdadsasdasdadsasd
asdadsasd

asdadsasd
asdadsasdasdadsasd
asdadsasd
asdadsasd
asdadsasdasdadsasd
asdadsasd
asdadsasd
asdadsasdasdadsasd
asdadsasd
asdadsasd
asdadsasdasdadsasd
asdadsasd
asdadsasd
asdadsasdasdadsasd
asdadsasd
asdadsasd
asdadsasdasdadsasd
asdadsasd
asdadsasd
asdadsasdasdadsasd
asdadsasd

asdadsasd
asdadsasdasdadsasd
asdadsasd
asdadsasd
asdadsasdasdadsasd
asdadsasd
asdadsasd
asdadsasdasdadsasd
asdadsasd
asdadsasd
asdadsasdasdadsasd
asdadsasd
asdadsasd
asdadsasdasdadsasd
asdadsasd
asdadsasd
asdadsasdasdadsasd
asdadsasd
asdadsasd
asdadsasdasdadsasd
asdadsasd

asdadsasd
asdadsasdasdadsasd
asdadsasd
asdadsasd
asdadsasdasdadsasd
asdadsasd
asdadsasd
asdadsasdasdadsasd
asdadsasd
asdadsasd
asdadsasdasdadsasd
asdadsasd
asdadsasd
asdadsasdasdadsasd
asdadsasd
asdadsasd
asdadsasdasdadsasd
asdadsasd
asdadsasd
asdadsasdasdadsasd
asdadsasd

asdadsasd
asdadsasdasdadsasd
asdadsasd
asdadsasd
asdadsasdasdadsasd
asdadsasd
asdadsasd
asdadsasdasdadsasd
asdadsasd
asdadsasd
asdadsasdasdadsasd
asdadsasd
asdadsasd
asdadsasdasdadsasd
asdadsasd
asdadsasd
asdadsasdasdadsasd
asdadsasd
asdadsasd
asdadsasdasdadsasd
asdadsasd

asdadsasd
asdadsasdasdadsasd
asdadsasd
asdadsasd
asdadsasdasdadsasd
asdadsasd
asdadsasd
asdadsasdasdadsasd
asdadsasd
asdadsasd
asdadsasdasdadsasd
asdadsasd
asdadsasd
asdadsasdasdadsasd
asdadsasd
asdadsasd
asdadsasdasdadsasd
asdadsasd
asdadsasd
asdadsasdasdadsasd
asdadsasd

asdadsasd
asdadsasdasdadsasd
asdadsasd
asdadsasd
asdadsasdasdadsasd
asdadsasd
asdadsasd
asdadsasdasdadsasd
asdadsasd
asdadsasd
asdadsasdasdadsasd
asdadsasd
asdadsasd
asdadsasdasdadsasd
asdadsasd
asdadsasd
asdadsasdasdadsasd
asdadsasd
asdadsasd
asdadsasdasdadsasd
asdadsasd

asdadsasd
asdadsasdasdadsasd
asdadsasd
asdadsasd
asdadsasdasdadsasd
asdadsasd
asdadsasd
asdadsasdasdadsasd
asdadsasd
asdadsasd
asdadsasdasdadsasd
asdadsasd
asdadsasd
asdadsasdasdadsasd
asdadsasd
asdadsasd
asdadsasdasdadsasd
asdadsasd
asdadsasd
asdadsasdasdadsasd
asdadsasd

asdadsasd
asdadsasdasdadsasd
asdadsasd
asdadsasd
asdadsasdasdadsasd
asdadsasd
asdadsasd
asdadsasdasdadsasd
asdadsasd
asdadsasd
asdadsasdasdadsasd
asdadsasd
asdadsasd
asdadsasdasdadsasd
asdadsasd
asdadsasd
asdadsasdasdadsasd
asdadsasd
asdadsasd
asdadsasdasdadsasd
asdadsasd

asdadsasd
asdadsasdasdadsasd
asdadsasd
asdadsasd
asdadsasdasdadsasd
asdadsasd
asdadsasd
asdadsasdasdadsasd
asdadsasd
asdadsasd
asdadsasdasdadsasd
asdadsasd
asdadsasd
asdadsasdasdadsasd
asdadsasd
asdadsasd
asdadsasdasdadsasd
asdadsasd
asdadsasd
asdadsasdasdadsasd
asdadsasd

asdadsasd
asdadsasdasdadsasd
asdadsasd
asdadsasd
asdadsasdasdadsasd
asdadsasd
asdadsasd
asdadsasdasdadsasd
asdadsasd
asdadsasd
asdadsasdasdadsasd
asdadsasd
asdadsasd
asdadsasdasdadsasd
asdadsasd
asdadsasd
asdadsasdasdadsasd
asdadsasd
asdadsasd
asdadsasdasdadsasd
asdadsasd

asdadsasd
asdadsasdasdadsasd
asdadsasd
asdadsasd
asdadsasdasdadsasd
asdadsasd
asdadsasd
asdadsasdasdadsasd
asdadsasd
asdadsasd
asdadsasdasdadsasd
asdadsasd
asdadsasd
asdadsasdasdadsasd
asdadsasd
asdadsasd
asdadsasdasdadsasd
asdadsasd
asdadsasd
asdadsasdasdadsasd
asdadsasd

asdadsasd
asdadsasdasdadsasd
asdadsasd
asdadsasd
asdadsasdasdadsasd
asdadsasd
asdadsasd
asdadsasdasdadsasd
asdadsasd
asdadsasd
asdadsasdasdadsasd
asdadsasd
asdadsasd
asdadsasdasdadsasd
asdadsasd
asdadsasd
asdadsasdasdadsasd
asdadsasd
asdadsasd
asdadsasdasdadsasd
asdadsasd

asdadsasd
asdadsasdasdadsasd
asdadsasd
asdadsasd
asdadsasdasdadsasd
asdadsasd
asdadsasd
asdadsasdasdadsasd
asdadsasd
asdadsasd
asdadsasdasdadsasd
asdadsasd
asdadsasd
asdadsasdasdadsasd
asdadsasd
asdadsasd
asdadsasdasdadsasd
asdadsasd
asdadsasd
asdadsasdasdadsasd
asdadsasd

asdadsasd
asdadsasdasdadsasd
asdadsasd
asdadsasd
asdadsasdasdadsasd
asdadsasd
asdadsasd
asdadsasdasdadsasd
asdadsasd
asdadsasd
asdadsasdasdadsasd
asdadsasd
asdadsasd
asdadsasdasdadsasd
asdadsasd
asdadsasd
asdadsasdasdadsasd
asdadsasd
asdadsasd
asdadsasdasdadsasd
asdadsasd

asdadsasd
asdadsasdasdadsasd
asdadsasd
asdadsasd
asdadsasdasdadsasd
asdadsasd
asdadsasd
asdadsasdasdadsasd
asdadsasd
asdadsasd
asdadsasdasdadsasd
asdadsasd
asdadsasd
asdadsasdasdadsasd
asdadsasd
asdadsasd
asdadsasdasdadsasd
asdadsasd
asdadsasd
asdadsasdasdadsasd
asdadsasd

asdadsasd
asdadsasdasdadsasd
asdadsasd
asdadsasd
asdadsasdasdadsasd
asdadsasd
asdadsasd
asdadsasdasdadsasd
asdadsasd
asdadsasd
asdadsasdasdadsasd
asdadsasd
asdadsasd
asdadsasdasdadsasd
asdadsasd
asdadsasd
asdadsasdasdadsasd
asdadsasd
asdadsasd
asdadsasdasdadsasd
asdadsasd

asdadsasd
asdadsasdasdadsasd
asdadsasd
asdadsasd
asdadsasdasdadsasd
asdadsasd
asdadsasd
asdadsasdasdadsasd
asdadsasd
asdadsasd
asdadsasdasdadsasd
asdadsasd
asdadsasd
asdadsasdasdadsasd
asdadsasd
asdadsasd
asdadsasdasdadsasd
asdadsasd
asdadsasd
asdadsasdasdadsasd
asdadsasd

asdadsasd
asdadsasdasdadsasd
asdadsasd
asdadsasd
asdadsasdasdadsasd
asdadsasd
asdadsasd
asdadsasdasdadsasd
asdadsasd
asdadsasd
asdadsasdasdadsasd
asdadsasd
asdadsasd
asdadsasdasdadsasd
asdadsasd
asdadsasd
asdadsasdasdadsasd
asdadsasd
asdadsasd
asdadsasdasdadsasd
asdadsasd

asdadsasd
asdadsasdasdadsasd
asdadsasd
asdadsasd
asdadsasdasdadsasd
asdadsasd
asdadsasd
asdadsasdasdadsasd
asdadsasd
asdadsasd
asdadsasdasdadsasd
asdadsasd
asdadsasd
asdadsasdasdadsasd
asdadsasd
asdadsasd
asdadsasdasdadsasd
asdadsasd
asdadsasd
asdadsasdasdadsasd
asdadsasd

asdadsasd
asdadsasdasdadsasd
asdadsasd
asdadsasd
asdadsasdasdadsasd
asdadsasd
asdadsasd
asdadsasdasdadsasd
asdadsasd
asdadsasd
asdadsasdasdadsasd
asdadsasd
asdadsasd
asdadsasdasdadsasd
asdadsasd
asdadsasd
asdadsasdasdadsasd
asdadsasd
asdadsasd
asdadsasdasdadsasd
asdadsasd

asdadsasd
asdadsasdasdadsasd
asdadsasd
asdadsasd
asdadsasdasdadsasd
asdadsasd
asdadsasd
asdadsasdasdadsasd
asdadsasd
asdadsasd
asdadsasdasdadsasd
asdadsasd
asdadsasd
asdadsasdasdadsasd
asdadsasd
asdadsasd
asdadsasdasdadsasd
asdadsasd
asdadsasd
asdadsasdasdadsasd
asdadsasd

asdadsasd
asdadsasdasdadsasd
asdadsasd
asdadsasd
asdadsasdasdadsasd
asdadsasd
asdadsasd
asdadsasdasdadsasd
asdadsasd
asdadsasd
asdadsasdasdadsasd
asdadsasd
asdadsasd
asdadsasdasdadsasd
asdadsasd
asdadsasd
asdadsasdasdadsasd
asdadsasd
asdadsasd
asdadsasdasdadsasd
asdadsasd

asdadsasd
asdadsasdasdadsasd
asdadsasd
asdadsasd
asdadsasdasdadsasd
asdadsasd
asdadsasd
asdadsasdasdadsasd
asdadsasd
asdadsasd
asdadsasdasdadsasd
asdadsasd
asdadsasd
asdadsasdasdadsasd
asdadsasd
asdadsasd
asdadsasdasdadsasd
asdadsasd
asdadsasd
asdadsasdasdadsasd
asdadsasd

asdadsasd
asdadsasdasdadsasd
asdadsasd
asdadsasd
asdadsasdasdadsasd
asdadsasd
asdadsasd
asdadsasdasdadsasd
asdadsasd
asdadsasd
asdadsasdasdadsasd
asdadsasd
asdadsasd
asdadsasdasdadsasd
asdadsasd
asdadsasd
asdadsasdasdadsasd
asdadsasd
asdadsasd
asdadsasdasdadsasd
asdadsasd

asdadsasd
asdadsasdasdadsasd
asdadsasd
asdadsasd
asdadsasdasdadsasd
asdadsasd
asdadsasd
asdadsasdasdadsasd
asdadsasd
asdadsasd
asdadsasdasdadsasd
asdadsasd
asdadsasd
asdadsasdasdadsasd
asdadsasd
asdadsasd
asdadsasdasdadsasd
asdadsasd
asdadsasd
asdadsasdasdadsasd
asdadsasd

asdadsasd
asdadsasdasdadsasd
asdadsasd
asdadsasd
asdadsasdasdadsasd
asdadsasd
asdadsasd
asdadsasdasdadsasd
asdadsasd
asdadsasd
asdadsasdasdadsasd
asdadsasd
asdadsasd
asdadsasdasdadsasd
asdadsasd
asdadsasd
asdadsasdasdadsasd
asdadsasd
asdadsasd
asdadsasdasdadsasd
asdadsasd

asdadsasd
asdadsasdasdadsasd
asdadsasd
asdadsasd
asdadsasdasdadsasd
asdadsasd
asdadsasd
asdadsasdasdadsasd
asdadsasd
asdadsasd
asdadsasdasdadsasd
asdadsasd
asdadsasd
asdadsasdasdadsasd
asdadsasd
asdadsasd
asdadsasdasdadsasd
asdadsasd
asdadsasd
asdadsasdasdadsasd
asdadsasd

asdadsasd
asdadsasdasdadsasd
asdadsasd
asdadsasd
asdadsasdasdadsasd
asdadsasd
asdadsasd
asdadsasdasdadsasd
asdadsasd
asdadsasd
asdadsasdasdadsasd
asdadsasd
asdadsasd
asdadsasdasdadsasd
asdadsasd
asdadsasd
asdadsasdasdadsasd
asdadsasd
asdadsasd
asdadsasdasdadsasd
asdadsasd

asdadsasd
asdadsasdasdadsasd
asdadsasd
asdadsasd
asdadsasdasdadsasd
asdadsasd
asdadsasd
asdadsasdasdadsasd
asdadsasd
asdadsasd
asdadsasdasdadsasd
asdadsasd
asdadsasd
asdadsasdasdadsasd
asdadsasd
asdadsasd
asdadsasdasdadsasd
asdadsasd
asdadsasd
asdadsasdasdadsasd
asdadsasd

asdadsasd
asdadsasdasdadsasd
asdadsasd
asdadsasd
asdadsasdasdadsasd
asdadsasd
asdadsasd
asdadsasdasdadsasd
asdadsasd
asdadsasd
asdadsasdasdadsasd
asdadsasd
asdadsasd
asdadsasdasdadsasd
asdadsasd
asdadsasd
asdadsasdasdadsasd
asdadsasd
asdadsasd
asdadsasdasdadsasd
asdadsasd

asdadsasd
asdadsasdasdadsasd
asdadsasd
asdadsasd
asdadsasdasdadsasd
asdadsasd
asdadsasd
asdadsasdasdadsasd
asdadsasd
asdadsasd
asdadsasdasdadsasd
asdadsasd
asdadsasd
asdadsasdasdadsasd
asdadsasd
asdadsasd
asdadsasdasdadsasd
asdadsasd
asdadsasd
asdadsasdasdadsasd
asdadsasd
